
Microsoft Visual Studio Solution File, Format Version 12.00
# Visual Studio Version 17
VisualStudioVersion = 17.1.32414.318
MinimumVisualStudioVersion = 10.0.40219.1
Project("{FAE04EC0-301F-11D3-BF4B-00C04F79EFBC}") = "EX_30_02_iida", "EX_30_02_iida\EX_30_02_iida.csproj", "{FFA9E8CC-F4E9-447E-B897-79BBCB34527D}"
EndProject
Global
	GlobalSection(SolutionConfigurationPlatforms) = preSolution
		Debug|Any CPU = Debug|Any CPU
		Release|Any CPU = Release|Any CPU
	EndGlobalSection
	GlobalSection(ProjectConfigurationPlatforms) = postSolution
		{FFA9E8CC-F4E9-447E-B897-79BBCB34527D}.Debug|Any CPU.ActiveCfg = Debug|Any CPU
		{FFA9E8CC-F4E9-447E-B897-79BBCB34527D}.Debug|Any CPU.Build.0 = Debug|Any CPU
		{FFA9E8CC-F4E9-447E-B897-79BBCB34527D}.Release|Any CPU.ActiveCfg = Release|Any CPU
		{FFA9E8CC-F4E9-447E-B897-79BBCB34527D}.Release|Any CPU.Build.0 = Release|Any CPU
	EndGlobalSection
	GlobalSection(SolutionProperties) = preSolution
		HideSolutionNode = FALSE
	EndGlobalSection
	GlobalSection(ExtensibilityGlobals) = postSolution
		SolutionGuid = {8EB69BB7-7A53-4AC1-A938-1EB8000B9983}
	EndGlobalSection
EndGlobal
